
Microsoft Visual Studio Solution File, Format Version 12.00
# Visual Studio Version 16
VisualStudioVersion = 16.0.30104.148
MinimumVisualStudioVersion = 10.0.40219.1
Project("{FAE04EC0-301F-11D3-BF4B-00C04F79EFBC}") = "MandelPartialPower", "MandelPartialPower\MandelPartialPower.csproj", "{4F31AD09-E115-4EED-91DE-7BB50BE6925D}"
EndProject
Global
	GlobalSection(SolutionConfigurationPlatforms) = preSolution
		Debug|Any CPU = Debug|Any CPU
		Release|Any CPU = Release|Any CPU
	EndGlobalSection
	GlobalSection(ProjectConfigurationPlatforms) = postSolution
		{4F31AD09-E115-4EED-91DE-7BB50BE6925D}.Debug|Any CPU.ActiveCfg = Debug|Any CPU
		{4F31AD09-E115-4EED-91DE-7BB50BE6925D}.Debug|Any CPU.Build.0 = Debug|Any CPU
		{4F31AD09-E115-4EED-91DE-7BB50BE6925D}.Release|Any CPU.ActiveCfg = Release|Any CPU
		{4F31AD09-E115-4EED-91DE-7BB50BE6925D}.Release|Any CPU.Build.0 = Release|Any CPU
	EndGlobalSection
	GlobalSection(SolutionProperties) = preSolution
		HideSolutionNode = FALSE
	EndGlobalSection
	GlobalSection(ExtensibilityGlobals) = postSolution
		SolutionGuid = {8B84469B-0DF7-4105-B53A-CB221B0AF80A}
	EndGlobalSection
EndGlobal
